
Microsoft Visual Studio Solution File, Format Version 12.00
# Visual Studio 2013
VisualStudioVersion = 12.0.21005.1
MinimumVisualStudioVersion = 10.0.40219.1
Project("{8BC9CEB8-8B4A-11D0-8D11-00A0C91BC942}") = "http_dns", "http_dns\http_dns.vcxproj", "{71A598FA-FB43-4B1C-B1AD-14741D77CD70}"
EndProject
Global
	GlobalSection(SolutionConfigurationPlatforms) = preSolution
		Debug|Win32 = Debug|Win32
		Release|Win32 = Release|Win32
	EndGlobalSection
	GlobalSection(ProjectConfigurationPlatforms) = postSolution
		{71A598FA-FB43-4B1C-B1AD-14741D77CD70}.Debug|Win32.ActiveCfg = Debug|Win32
		{71A598FA-FB43-4B1C-B1AD-14741D77CD70}.Debug|Win32.Build.0 = Debug|Win32
		{71A598FA-FB43-4B1C-B1AD-14741D77CD70}.Release|Win32.ActiveCfg = Release|Win32
		{71A598FA-FB43-4B1C-B1AD-14741D77CD70}.Release|Win32.Build.0 = Release|Win32
	EndGlobalSection
	GlobalSection(SolutionProperties) = preSolution
		HideSolutionNode = FALSE
	EndGlobalSection
EndGlobal
